{
  "name": "htdocs",
  "lockfileVersion": 3,
  "requires": true,
  "packages": {
    "": {
      "dependencies": {
        "keyword-extractor": "^0.0.28"
      }
    },
    "node_modules/keyword-extractor": {
      "version": "0.0.28",
      "resolved": "https://registry.npmjs.org/keyword-extractor/-/keyword-extractor-0.0.28.tgz",
      "integrity": "sha512-oi7dSPpYtW/3fE0vZiqQgZ8mW3F1V9K4+rBJ0FcVrdXBEQuhZ0zKj7sX74eqGASuepLHf9aYdeonyKHWhYpHQA==",
      "engines": {
        "node": ">= 0.10.0"
      }
    }
  }
}
